
Microsoft Visual Studio Solution File, Format Version 12.00
# Visual Studio Version 17
VisualStudioVersion = 17.0.31912.275
MinimumVisualStudioVersion = 10.0.40219.1
Project("{FAE04EC0-301F-11D3-BF4B-00C04F79EFBC}") = "HangmanClient", "HangmanClient.csproj", "{B93468DD-EAB9-4263-9936-C17B0982B87E}"
EndProject
Global
	GlobalSection(SolutionConfigurationPlatforms) = preSolution
		Debug|Any CPU = Debug|Any CPU
		Release|Any CPU = Release|Any CPU
	EndGlobalSection
	GlobalSection(ProjectConfigurationPlatforms) = postSolution
		{B93468DD-EAB9-4263-9936-C17B0982B87E}.Debug|Any CPU.ActiveCfg = Debug|Any CPU
		{B93468DD-EAB9-4263-9936-C17B0982B87E}.Debug|Any CPU.Build.0 = Debug|Any CPU
		{B93468DD-EAB9-4263-9936-C17B0982B87E}.Release|Any CPU.ActiveCfg = Release|Any CPU
		{B93468DD-EAB9-4263-9936-C17B0982B87E}.Release|Any CPU.Build.0 = Release|Any CPU
	EndGlobalSection
	GlobalSection(SolutionProperties) = preSolution
		HideSolutionNode = FALSE
	EndGlobalSection
	GlobalSection(ExtensibilityGlobals) = postSolution
		SolutionGuid = {C311FD20-F003-4A63-8775-2926AB1194B1}
	EndGlobalSection
EndGlobal
